[[package]]
name = "cython"
version = "0.29.32"
requires_python = ">=2.6, !=3.0.*, !=3.1.*, !=3.2.*"
summary = "The Cython compiler for writing C extensions for the Python language."

[metadata]
lock_version = "4.0"
content_hash = "sha256:57e1003c0a24e92e6a0e9bf0a4860480d874b5713ad63bbe2618e4d234de5def"

[metadata.files]
"cython 0.29.32" = [
    {url = "https://files.pythonhosted.org/packages/13/4d/01b5fcf49a9a1d3dd9416fc227fa4bf374da3c6d34b090e79fe5f90e5e31/Cython-0.29.32-cp36-cp36m-manylinux_2_5_i686.manylinux1_i686.manylinux_2_24_i686.whl", hash = "sha256:513e9707407608ac0d306c8b09d55a28be23ea4152cbd356ceaec0f32ef08d65"},
    {url = "https://files.pythonhosted.org/packages/17/d5/8fcd4d0b3224a74a4beff85b57cd3d1868b6fb7e3eaeaab3f24c56c9278c/Cython-0.29.32-cp311-cp311-manylinux_2_17_aarch64.manylinux2014_aarch64.manylinux_2_24_aarch64.whl", hash = "sha256:656dc5ff1d269de4d11ee8542f2ffd15ab466c447c1f10e5b8aba6f561967276"},
    {url = "https://files.pythonhosted.org/packages/1c/24/e3935e545b128a90146e743212703420287ed35885074a9f36b21f3bb68d/Cython-0.29.32-py2.py3-none-any.whl", hash = "sha256:eeb475eb6f0ccf6c039035eb4f0f928eb53ead88777e0a760eccb140ad90930b"},
    {url = "https://files.pythonhosted.org/packages/1f/a6/5314b166eff7419797d5a3b8c6514a757f7fe63b8f54e8142ff38ceb2970/Cython-0.29.32-cp39-cp39-manylinux_2_5_x86_64.manylinux1_x86_64.whl", hash = "sha256:f9944013588a3543fca795fffb0a070a31a243aa4f2d212f118aa95e69485831"},
    {url = "https://files.pythonhosted.org/packages/2a/4e/5e1b147a2ec7129a876c37fee3abec3e15fd5502d6c4ba71cb8a6d3a4fc4/Cython-0.29.32-cp37-cp37m-manylinux_2_17_aarch64.manylinux2014_aarch64.manylinux_2_24_aarch64.whl", hash = "sha256:ed087eeb88a8cf96c60fb76c5c3b5fb87188adee5e179f89ec9ad9a43c0c54b3"},
    {url = "https://files.pythonhosted.org/packages/43/c9/a7cbdc4f14107690c1aef48835c0638097893ac33dce0a5ab2739c651ac1/Cython-0.29.32-cp311-cp311-musllinux_1_1_x86_64.whl", hash = "sha256:79e3bab19cf1b021b613567c22eb18b76c0c547b9bc3903881a07bfd9e7e64cf"},
    {url = "https://files.pythonhosted.org/packages/45/f3/badccbc14f7c2735d606cebf93cc8536a0a6b56d08ea546441583048e17d/Cython-0.29.32-cp36-cp36m-manylinux_2_17_x86_64.manylinux2014_x86_64.manylinux_2_24_x86_64.whl", hash = "sha256:afbce249133a830f121b917f8c9404a44f2950e0e4f5d1e68f043da4c2e9f457"},
    {url = "https://files.pythonhosted.org/packages/4b/33/d61015f0104dcaa4e5dc8d9ac7def7906f677d3bbf911750cf8ab830453f/Cython-0.29.32-cp38-cp38-manylinux_2_5_x86_64.manylinux1_x86_64.whl", hash = "sha256:cddc47ec746a08603037731f5d10aebf770ced08666100bd2cdcaf06a85d4d1b"},
    {url = "https://files.pythonhosted.org/packages/4c/76/1e41fbb365ad20b6efab2e61b0f4751518444c953b390f9b2d36cf97eea0/Cython-0.29.32.tar.gz", hash = "sha256:8733cf4758b79304f2a4e39ebfac5e92341bce47bcceb26c1254398b2f8c1af7"},
    {url = "https://files.pythonhosted.org/packages/4f/70/8b915a11cb702ba5fe7d20cefe5739a43c0779464288d967a67a04371ef5/Cython-0.29.32-cp37-cp37m-manylinux_2_5_x86_64.manylinux1_x86_64.whl", hash = "sha256:856d2fec682b3f31583719cb6925c6cdbb9aa30f03122bcc45c65c8b6f515754"},
    {url = "https://files.pythonhosted.org/packages/6f/c9/6ee440584f8c40c5d3ea311c3c29dcc42819804d05153f45c62bebca96fa/Cython-0.29.32-cp37-cp37m-manylinux_2_5_i686.manylinux1_i686.whl", hash = "sha256:e1958e0227a4a6a2c06fd6e35b7469de50adf174102454db397cec6e1403cce3"},
    {url = "https://files.pythonhosted.org/packages/72/a4/9e79a693b332eb013e684853abaa54223deb1df0115547f43f81a613d2f9/Cython-0.29.32-cp27-cp27mu-manylinux_2_5_x86_64.manylinux1_x86_64.whl", hash = "sha256:e6ffa08aa1c111a1ebcbd1cf4afaaec120bc0bbdec3f2545f8bb7d3e8e77a1cd"},
    {url = "https://files.pythonhosted.org/packages/7b/95/9784b1bc99c132b08f6950d8bd78e9aba006b63ffe018591f3b7df19ebf1/Cython-0.29.32-cp38-cp38-musllinux_1_1_x86_64.whl", hash = "sha256:eca3065a1279456e81c615211d025ea11bfe4e19f0c5650b859868ca04b3fcbd"},
    {url = "https://files.pythonhosted.org/packages/80/2f/00a723381ee6fd0b3214e7ab453e084a1fd183f796f72f3d78367cffa0be/Cython-0.29.32-cp36-cp36m-manylinux_2_17_aarch64.manylinux2014_aarch64.manylinux_2_24_aarch64.whl", hash = "sha256:c8e8025f496b5acb6ba95da2fb3e9dacffc97d9a92711aacfdd42f9c5927e094"},
    {url = "https://files.pythonhosted.org/packages/82/ed/5c4a5b0325354aec92e4b2af03d51b11e4b341adaf0669d4884a8f34b6b1/Cython-0.29.32-cp38-cp38-manylinux_2_17_x86_64.manylinux2014_x86_64.manylinux_2_24_x86_64.whl", hash = "sha256:4a4b03ab483271f69221c3210f7cde0dcc456749ecf8243b95bc7a701e5677e0"},
    {url = "https://files.pythonhosted.org/packages/85/f6/7ea4d1e0af39a4be28c2ee7cb79279395d2a43714a04f6128b9aafab8e41/Cython-0.29.32-cp36-cp36m-manylinux_2_5_x86_64.manylinux1_x86_64.whl", hash = "sha256:ea1dcc07bfb37367b639415333cfbfe4a93c3be340edf1db10964bc27d42ed64"},
    {url = "https://files.pythonhosted.org/packages/8a/70/014688205b320bd258d9809e9d1e5d00cb9658075827aa0108b98535d8a0/Cython-0.29.32-cp27-cp27m-manylinux_2_5_i686.manylinux1_i686.whl", hash = "sha256:39afb4679b8c6bf7ccb15b24025568f4f9b4d7f9bf3cbd981021f542acecd75b"},
    {url = "https://files.pythonhosted.org/packages/8d/82/43d279fd6cbdb58eda20296278013ae7ae470b73d70971d61f67e2ffa5d7/Cython-0.29.32-cp38-cp38-manylinux_2_5_i686.manylinux1_i686.whl", hash = "sha256:0bbc27abdf6aebfa1bce34cd92bd403070356f28b0ecb3198ff8a182791d58b9"},
    {url = "https://files.pythonhosted.org/packages/8d/a4/7015478cb2978248b0339b3346aeabd008348c8709af194caaf24d304cca/Cython-0.29.32-cp39-cp39-musllinux_1_1_x86_64.whl", hash = "sha256:07d173d3289415bb496e72cb0ddd609961be08fe2968c39094d5712ffb78672b"},
    {url = "https://files.pythonhosted.org/packages/8e/cc/f0fd97afc33e292d6a29696a1633d4857d34452e39302296b231c4cc44a6/Cython-0.29.32-cp37-cp37m-manylinux_2_5_i686.manylinux1_i686.manylinux_2_24_i686.whl", hash = "sha256:63b79d9e1f7c4d1f498ab1322156a0d7dc1b6004bf981a8abda3f66800e140cd"},
    {url = "https://files.pythonhosted.org/packages/92/74/e3be5e08a6cf55eae64a7a64fdef7a7f77cb0cdd10e4689b60b3a131bf76/Cython-0.29.32-cp310-cp310-manylinux_2_17_x86_64.manylinux2014_x86_64.manylinux_2_24_x86_64.whl", hash = "sha256:06be83490c906b6429b4389e13487a26254ccaad2eef6f3d4ee21d8d3a4aaa2b"},
    {url = "https://files.pythonhosted.org/packages/9b/8d/891b8d920e7541bace64a4b04fc773632ded63f29b428d103e2c58541cf7/Cython-0.29.32-cp39-cp39-manylinux_2_5_i686.manylinux1_i686.whl", hash = "sha256:061e25151c38f2361bc790d3bcf7f9d9828a0b6a4d5afa56fbed3bd33fb2373a"},
    {url = "https://files.pythonhosted.org/packages/9d/d5/0f23094d7f539cb3298bcd2111fbfd1f0b34fd71ce39d1bd59e0c1e145d7/Cython-0.29.32-cp38-cp38-manylinux_2_17_aarch64.manylinux2014_aarch64.manylinux_2_24_aarch64.whl", hash = "sha256:67fdd2f652f8d4840042e2d2d91e15636ba2bcdcd92e7e5ffbc68e6ef633a754"},
    {url = "https://files.pythonhosted.org/packages/a1/77/4d219b6072c6d72be21cfcb3a791f1447cf8f221d6d048f30ed2080d2372/Cython-0.29.32-cp38-cp38-manylinux_2_5_i686.manylinux1_i686.manylinux_2_24_i686.whl", hash = "sha256:40eff7aa26e91cf108fd740ffd4daf49f39b2fdffadabc7292b4b7dc5df879f0"},
    {url = "https://files.pythonhosted.org/packages/a4/30/d185b3497661b1df590e9b05c34da7ff94ca91028017499d17100675be56/Cython-0.29.32-cp27-cp27mu-manylinux_2_5_i686.manylinux1_i686.whl", hash = "sha256:5ba622326f2862f9c1f99ca8d47ade49871241920a352c917e16861e25b0e5c3"},
    {url = "https://files.pythonhosted.org/packages/a4/8e/fd3e53abf7a47465becfca06560660edb9aa90b23c5cc3aee0a0301c5529/Cython-0.29.32-cp36-cp36m-musllinux_1_1_x86_64.whl", hash = "sha256:8669cadeb26d9a58a5e6b8ce34d2c8986cc3b5c0bfa77eda6ceb471596cb2ec3"},
    {url = "https://files.pythonhosted.org/packages/a5/bc/27ef22ca2b7a1823681b4c43f8035b622847f9d0ab578543f6f72714b9f4/Cython-0.29.32-cp39-cp39-manylinux_2_5_i686.manylinux1_i686.manylinux_2_24_i686.whl", hash = "sha256:b6da3063c5c476f5311fd76854abae6c315f1513ef7d7904deed2e774623bbb9"},
    {url = "https://files.pythonhosted.org/packages/a8/39/585871bec43e114816c9ea0b53b584876f7d0c576d66026143654dd1b02f/Cython-0.29.32-cp35-cp35m-manylinux_2_5_i686.manylinux1_i686.whl", hash = "sha256:b0595aee62809ba353cebc5c7978e0e443760c3e882e2c7672c73ffe46383673"},
    {url = "https://files.pythonhosted.org/packages/b4/88/b851717b7c9afef8b8eb1a09ffb98a5291b306cf1d3a48dd98f62d30c780/Cython-0.29.32-cp311-cp311-manylinux_2_5_i686.manylinux1_i686.manylinux_2_24_i686.whl", hash = "sha256:3875c2b2ea752816a4d7ae59d45bb546e7c4c79093c83e3ba7f4d9051dd02928"},
    {url = "https://files.pythonhosted.org/packages/ba/ad/0c9e858d94a92ec18a9bb86ea4e5dbe9b66b9dec749cbc8b396f4039d4aa/Cython-0.29.32-cp39-cp39-manylinux_2_17_aarch64.manylinux2014_aarch64.manylinux_2_24_aarch64.whl", hash = "sha256:d968ffc403d92addf20b68924d95428d523436adfd25cf505d427ed7ba3bee8b"},
    {url = "https://files.pythonhosted.org/packages/c1/19/37c9600591059767c7058e08a20cb79c764f07d4e4f39229c7df6897997e/Cython-0.29.32-cp36-cp36m-manylinux_2_5_i686.manylinux1_i686.whl", hash = "sha256:e83228e0994497900af954adcac27f64c9a57cd70a9ec768ab0cb2c01fd15cf1"},
    {url = "https://files.pythonhosted.org/packages/c3/8f/bb0a7182dc081fbc6608e98a8184970e7d903acfc1ec58680d46f5c915ce/Cython-0.29.32-cp39-cp39-manylinux_2_17_x86_64.manylinux2014_x86_64.manylinux_2_24_x86_64.whl", hash = "sha256:f3fd44cc362eee8ae569025f070d56208908916794b6ab21e139cea56470a2b3"},
    {url = "https://files.pythonhosted.org/packages/c7/64/77e24706118c01e94f2a2279ff87ae9e997914a7f08e874b301974393f1c/Cython-0.29.32-cp37-cp37m-musllinux_1_1_x86_64.whl", hash = "sha256:479690d2892ca56d34812fe6ab8f58e4b2e0129140f3d94518f15993c40553da"},
    {url = "https://files.pythonhosted.org/packages/cd/cb/f295174bf62b38526e5f22a5c8051196ff1e21d7db4f13495a2495cb3b82/Cython-0.29.32-cp310-cp310-manylinux_2_5_i686.manylinux1_i686.manylinux_2_24_i686.whl", hash = "sha256:eefd2b9a5f38ded8d859fe96cc28d7d06e098dc3f677e7adbafda4dcdd4a461c"},
    {url = "https://files.pythonhosted.org/packages/dd/56/64511ba10e9766aec4b1fd8d478eca5654bb77859686d089f77229004dbf/Cython-0.29.32-cp310-cp310-manylinux_2_17_aarch64.manylinux2014_aarch64.manylinux_2_24_aarch64.whl", hash = "sha256:97335b2cd4acebf30d14e2855d882de83ad838491a09be2011745579ac975833"},
    {url = "https://files.pythonhosted.org/packages/e3/a1/3831cbda89f95e18cf43322b5b761baad1ece4d9b59cd9b58f15ef917de8/Cython-0.29.32-cp311-cp311-manylinux_2_17_x86_64.manylinux2014_x86_64.manylinux_2_24_x86_64.whl", hash = "sha256:cdf10af3e2e3279dc09fdc5f95deaa624850a53913f30350ceee824dc14fc1a6"},
    {url = "https://files.pythonhosted.org/packages/e4/3f/a481da1b114fdf51083b33a35deed8596e069bafa76c3cc29586f13f6062/Cython-0.29.32-cp310-cp310-musllinux_1_1_x86_64.whl", hash = "sha256:5514f3b4122cb22317122a48e175a7194e18e1803ca555c4c959d7dfe68eaf98"},
    {url = "https://files.pythonhosted.org/packages/e6/10/1ed7e90b97cfb78f31e903a5ddbe45bb647133166af65c2490a1a9eb76de/Cython-0.29.32-cp35-cp35m-manylinux_2_5_x86_64.manylinux1_x86_64.whl", hash = "sha256:0ea8267fc373a2c5064ad77d8ff7bf0ea8b88f7407098ff51829381f8ec1d5d9"},
    {url = "https://files.pythonhosted.org/packages/e7/0a/414211dfbe90967189033d2b9987fd2d45cfa3f8dc21253cbcdb0c393367/Cython-0.29.32-cp37-cp37m-manylinux_2_17_x86_64.manylinux2014_x86_64.manylinux_2_24_x86_64.whl", hash = "sha256:3f85eb2343d20d91a4ea9cf14e5748092b376a64b7e07fc224e85b2753e9070b"},
    {url = "https://files.pythonhosted.org/packages/f3/7c/79fcae62b228c1efad3c7bfe884798a3b79dd7171313c4bf8eb437ae30f7/Cython-0.29.32-cp27-cp27m-manylinux_2_5_x86_64.manylinux1_x86_64.whl", hash = "sha256:dbee03b8d42dca924e6aa057b836a064c769ddfd2a4c2919e65da2c8a362d528"},
]
